
Microsoft Visual Studio Solution File, Format Version 12.00
# Visual Studio Version 17
VisualStudioVersion = 17.0.31808.319
MinimumVisualStudioVersion = 10.0.40219.1
Project("{2150E333-8FDC-42A3-9474-1A3956D46DE8}") = "src", "src", "{1B06445C-A4B0-4880-8CBB-BD5E60363791}"
EndProject
Project("{2150E333-8FDC-42A3-9474-1A3956D46DE8}") = "tests", "tests", "{EE6DAA80-18CC-4E09-B823-0CB4E92DE3BB}"
EndProject
Project("{9A19103F-16F7-4668-BE54-9A1E7A4F7556}") = "ShadyNagy.DapperManager", "src\ShadyNagy.DapperManager\ShadyNagy.DapperManager.csproj", "{E908228A-D313-463F-8889-1EC5789DE4D8}"
EndProject
Project("{9A19103F-16F7-4668-BE54-9A1E7A4F7556}") = "ShadyNagy.DapperManager.Tests", "tests\ShadyNagy.DapperManager.Tests\ShadyNagy.DapperManager.Tests.csproj", "{E9699B0D-6537-483A-84DC-2DA48E8014E0}"
EndProject
Project("{9A19103F-16F7-4668-BE54-9A1E7A4F7556}") = "ShadyNagy.DapperInMemory", "src\ShadyNagy.DapperInMemory\ShadyNagy.DapperInMemory.csproj", "{AC85A90C-4D0B-4CA6-A5D4-82C8A64116A6}"
EndProject
Project("{9A19103F-16F7-4668-BE54-9A1E7A4F7556}") = "ShadyNagy.DapperInMemory.Tests", "tests\ShadyNagy.DapperInMemory.Tests\ShadyNagy.DapperInMemory.Tests.csproj", "{8FA713C3-B61D-4A8B-A372-58732C48DFCA}"
EndProject
Project("{FAE04EC0-301F-11D3-BF4B-00C04F79EFBC}") = "ShadyNagy.Dapper.SharedKernel", "src\ShadyNagy.Dapper.SharedKernel\ShadyNagy.Dapper.SharedKernel.csproj", "{EA570828-E6A2-4877-B0FD-63235075BA55}"
EndProject
Global
	GlobalSection(SolutionConfigurationPlatforms) = preSolution
		Debug|Any CPU = Debug|Any CPU
		Release|Any CPU = Release|Any CPU
	EndGlobalSection
	GlobalSection(ProjectConfigurationPlatforms) = postSolution
		{E908228A-D313-463F-8889-1EC5789DE4D8}.Debug|Any CPU.ActiveCfg = Debug|Any CPU
		{E908228A-D313-463F-8889-1EC5789DE4D8}.Debug|Any CPU.Build.0 = Debug|Any CPU
		{E908228A-D313-463F-8889-1EC5789DE4D8}.Release|Any CPU.ActiveCfg = Release|Any CPU
		{E908228A-D313-463F-8889-1EC5789DE4D8}.Release|Any CPU.Build.0 = Release|Any CPU
		{E9699B0D-6537-483A-84DC-2DA48E8014E0}.Debug|Any CPU.ActiveCfg = Debug|Any CPU
		{E9699B0D-6537-483A-84DC-2DA48E8014E0}.Debug|Any CPU.Build.0 = Debug|Any CPU
		{E9699B0D-6537-483A-84DC-2DA48E8014E0}.Release|Any CPU.ActiveCfg = Release|Any CPU
		{E9699B0D-6537-483A-84DC-2DA48E8014E0}.Release|Any CPU.Build.0 = Release|Any CPU
		{AC85A90C-4D0B-4CA6-A5D4-82C8A64116A6}.Debug|Any CPU.ActiveCfg = Debug|Any CPU
		{AC85A90C-4D0B-4CA6-A5D4-82C8A64116A6}.Debug|Any CPU.Build.0 = Debug|Any CPU
		{AC85A90C-4D0B-4CA6-A5D4-82C8A64116A6}.Release|Any CPU.ActiveCfg = Release|Any CPU
		{AC85A90C-4D0B-4CA6-A5D4-82C8A64116A6}.Release|Any CPU.Build.0 = Release|Any CPU
		{8FA713C3-B61D-4A8B-A372-58732C48DFCA}.Debug|Any CPU.ActiveCfg = Debug|Any CPU
		{8FA713C3-B61D-4A8B-A372-58732C48DFCA}.Debug|Any CPU.Build.0 = Debug|Any CPU
		{8FA713C3-B61D-4A8B-A372-58732C48DFCA}.Release|Any CPU.ActiveCfg = Release|Any CPU
		{8FA713C3-B61D-4A8B-A372-58732C48DFCA}.Release|Any CPU.Build.0 = Release|Any CPU
		{EA570828-E6A2-4877-B0FD-63235075BA55}.Debug|Any CPU.ActiveCfg = Debug|Any CPU
		{EA570828-E6A2-4877-B0FD-63235075BA55}.Debug|Any CPU.Build.0 = Debug|Any CPU
		{EA570828-E6A2-4877-B0FD-63235075BA55}.Release|Any CPU.ActiveCfg = Release|Any CPU
		{EA570828-E6A2-4877-B0FD-63235075BA55}.Release|Any CPU.Build.0 = Release|Any CPU
	EndGlobalSection
	GlobalSection(SolutionProperties) = preSolution
		HideSolutionNode = FALSE
	EndGlobalSection
	GlobalSection(NestedProjects) = preSolution
		{E908228A-D313-463F-8889-1EC5789DE4D8} = {1B06445C-A4B0-4880-8CBB-BD5E60363791}
		{E9699B0D-6537-483A-84DC-2DA48E8014E0} = {EE6DAA80-18CC-4E09-B823-0CB4E92DE3BB}
		{AC85A90C-4D0B-4CA6-A5D4-82C8A64116A6} = {1B06445C-A4B0-4880-8CBB-BD5E60363791}
		{8FA713C3-B61D-4A8B-A372-58732C48DFCA} = {EE6DAA80-18CC-4E09-B823-0CB4E92DE3BB}
		{EA570828-E6A2-4877-B0FD-63235075BA55} = {1B06445C-A4B0-4880-8CBB-BD5E60363791}
	EndGlobalSection
	GlobalSection(ExtensibilityGlobals) = postSolution
		SolutionGuid = {458E8E0F-0BE6-4CCE-AB95-51C34B1D3785}
	EndGlobalSection
EndGlobal
